{"1.1.0",
[{<<"amqp_client">>,{pkg,<<"amqp_client">>,<<"3.5.6">>},0},
 {<<"cowboy">>,
  {git,"git://github.com/ninenines/cowboy.git",
       {ref,"0c15b9216b7467390623db84e169b32c68e85bcb"}},
  0},
 {<<"cowlib">>,
  {git,"https://github.com/ninenines/cowlib",
       {ref,"45f750db410a4b08c68d142ad0af839f544c5d3d"}},
  1},
 {<<"esnowflake">>,{pkg,<<"esnowflake">>,<<"0.2.0">>},0},
 {<<"rabbit_common">>,{pkg,<<"rabbit_common">>,<<"3.5.6">>},1},
 {<<"ranch">>,
  {git,"git://github.com/ninenines/ranch.git",
       {ref,"a004ad710eddd0c21aaccc30d5633a76b06164b5"}},
  0},
 {<<"sync">>,{pkg,<<"sync">>,<<"0.1.3">>},0},
 {<<"zucchini">>,
  {git,"https://github.com/devinus/zucchini.git",
       {ref,"429c9e0f9f67911c1825fbebff7d0fdc59e56b90"}},
  0}]}.
[
{pkg_hash,[
 {<<"amqp_client">>, <<"ED7E63122F32AF1D503D134E6C1B088A0627E89C6B5C77B92984C841CB0939BE">>},
 {<<"esnowflake">>, <<"083BB3EBAA4F7DB24E935D70EF5CE33C84817A484B28DAED8292E29253E19642">>},
 {<<"rabbit_common">>, <<"AD541BE86F08CDB1C04320EB4353AD30F25555569C95CC062AF28CF79B74D085">>},
 {<<"sync">>, <<"C5785FE1311542B76355F403B8E0B35E30DBBEE1F5E89968748CEA4D0A20D289">>}]}
].
