{"1.1.0",
[{<<"esnowflake">>,{pkg,<<"esnowflake">>,<<"0.2.0">>},0},
 {<<"zucchini">>,{pkg,<<"zucchini">>,<<"0.1.0">>},0}]}.
[
{pkg_hash,[
 {<<"esnowflake">>, <<"083BB3EBAA4F7DB24E935D70EF5CE33C84817A484B28DAED8292E29253E19642">>},
 {<<"zucchini">>, <<"93F8508FDEF86395BB071BD582E4D844BB012F2AF3E986C4E49804E90E2B2B9F">>}]}
].
