{"1.1.0",
[{<<"esnowflake">>,{pkg,<<"esnowflake">>,<<"0.2.0">>},0},
 {<<"poolboy">>,
  {git,"https://github.com/devinus/poolboy.git",
       {ref,"3bb48a893ff5598f7c73731ac17545206d259fac"}},
  0},
 {<<"websocket_client">>,
  {git,"https://github.com/jeremyong/websocket_client.git",
       {ref,"9a6f65d05ebf2725d62fb19262b21f1805a59fbf"}},
  0},
 {<<"zucchini">>,
  {git,"https://github.com/devinus/zucchini.git",
       {ref,"429c9e0f9f67911c1825fbebff7d0fdc59e56b90"}},
  0}]}.
[
{pkg_hash,[
 {<<"esnowflake">>, <<"083BB3EBAA4F7DB24E935D70EF5CE33C84817A484B28DAED8292E29253E19642">>}]}
].
