{"1.1.0",
[{<<"cowboy">>,
  {git,"git://github.com/ninenines/cowboy.git",
       {ref,"0c15b9216b7467390623db84e169b32c68e85bcb"}},
  0},
 {<<"cowlib">>,
  {git,"https://github.com/ninenines/cowlib",
       {ref,"45f750db410a4b08c68d142ad0af839f544c5d3d"}},
  1},
 {<<"esnowflake">>,{pkg,<<"esnowflake">>,<<"0.2.0">>},0},
 {<<"ranch">>,
  {git,"https://github.com/ninenines/ranch",
       {ref,"a004ad710eddd0c21aaccc30d5633a76b06164b5"}},
  1},
 {<<"websocket_client">>,
  {git,"https://github.com/jeremyong/websocket_client.git",
       {ref,"9a6f65d05ebf2725d62fb19262b21f1805a59fbf"}},
  0},
 {<<"zucchini">>,
  {git,"https://github.com/devinus/zucchini.git",
       {ref,"429c9e0f9f67911c1825fbebff7d0fdc59e56b90"}},
  0}]}.
[
{pkg_hash,[
 {<<"esnowflake">>, <<"083BB3EBAA4F7DB24E935D70EF5CE33C84817A484B28DAED8292E29253E19642">>}]}
].
